
Microsoft Visual Studio Solution File, Format Version 12.00
# Visual Studio Version 16
VisualStudioVersion = 16.0.31410.357
MinimumVisualStudioVersion = 10.0.40219.1
Project("{FAE04EC0-301F-11D3-BF4B-00C04F79EFBC}") = "OmegaSettingsMenu", "OmegaSettingsMenu\OmegaSettingsMenu.csproj", "{057EBBBA-2B9B-48A2-99BD-B11ED3AEA0B2}"
EndProject
Global
	GlobalSection(SolutionConfigurationPlatforms) = preSolution
		Debug|Any CPU = Debug|Any CPU
		Release|Any CPU = Release|Any CPU
	EndGlobalSection
	GlobalSection(ProjectConfigurationPlatforms) = postSolution
		{057EBBBA-2B9B-48A2-99BD-B11ED3AEA0B2}.Debug|Any CPU.ActiveCfg = Debug|Any CPU
		{057EBBBA-2B9B-48A2-99BD-B11ED3AEA0B2}.Debug|Any CPU.Build.0 = Debug|Any CPU
		{057EBBBA-2B9B-48A2-99BD-B11ED3AEA0B2}.Release|Any CPU.ActiveCfg = Release|Any CPU
		{057EBBBA-2B9B-48A2-99BD-B11ED3AEA0B2}.Release|Any CPU.Build.0 = Release|Any CPU
	EndGlobalSection
	GlobalSection(SolutionProperties) = preSolution
		HideSolutionNode = FALSE
	EndGlobalSection
	GlobalSection(ExtensibilityGlobals) = postSolution
		SolutionGuid = {B2332D59-D18B-4DC2-B16C-1169DD2063BE}
	EndGlobalSection
EndGlobal
